
Microsoft Visual Studio Solution File, Format Version 12.00
# Visual Studio 15
VisualStudioVersion = 15.0.27004.2010
MinimumVisualStudioVersion = 10.0.40219.1
Project("{FAE04EC0-301F-11D3-BF4B-00C04F79EFBC}") = "HappyFligts.MvcWebUI", "HappyFligts.MvcWebUI\HappyFligts.MvcWebUI.csproj", "{D77FBE15-6F02-44E4-BC67-6DF97C7094C5}"
EndProject
Global
	GlobalSection(SolutionConfigurationPlatforms) = preSolution
		Debug|Any CPU = Debug|Any CPU
		Release|Any CPU = Release|Any CPU
	EndGlobalSection
	GlobalSection(ProjectConfigurationPlatforms) = postSolution
		{D77FBE15-6F02-44E4-BC67-6DF97C7094C5}.Debug|Any CPU.ActiveCfg = Debug|Any CPU
		{D77FBE15-6F02-44E4-BC67-6DF97C7094C5}.Debug|Any CPU.Build.0 = Debug|Any CPU
		{D77FBE15-6F02-44E4-BC67-6DF97C7094C5}.Release|Any CPU.ActiveCfg = Release|Any CPU
		{D77FBE15-6F02-44E4-BC67-6DF97C7094C5}.Release|Any CPU.Build.0 = Release|Any CPU
	EndGlobalSection
	GlobalSection(SolutionProperties) = preSolution
		HideSolutionNode = FALSE
	EndGlobalSection
	GlobalSection(ExtensibilityGlobals) = postSolution
		SolutionGuid = {EB726E61-D4E4-469F-BA10-9E91E9DDBE5A}
	EndGlobalSection
EndGlobal
